
Microsoft Visual Studio Solution File, Format Version 12.00
# Visual Studio Version 17
VisualStudioVersion = 17.12.35417.141 d17.12
MinimumVisualStudioVersion = 10.0.40219.1
Project("{8BC9CEB8-8B4A-11D0-8D11-00A0C91BC942}") = "WaterSteamEquationOfState", "WaterSteamEquationOfState\WaterSteamEquationOfState.vcxproj", "{EAC0649F-0BB9-491F-BF10-047DBB4E6A3E}"
EndProject
Project("{8BC9CEB8-8B4A-11D0-8D11-00A0C91BC942}") = "WaterSteamEquationOfState.Tests", "WaterSteamEquationOfState.Tests\WaterSteamEquationOfState.Tests.vcxproj", "{860B5A30-4A06-4DC0-8C37-F8373DA5AA17}"
EndProject
Project("{2150E333-8FDC-42A3-9474-1A3956D46DE8}") = "Solution Items", "Solution Items", "{2626922B-EB37-4207-B864-F46249FC207C}"
	ProjectSection(SolutionItems) = preProject
		README.md = README.md
	EndProjectSection
EndProject
Global
	GlobalSection(SolutionConfigurationPlatforms) = preSolution
		Debug|x64 = Debug|x64
		Debug|x86 = Debug|x86
		Release|x64 = Release|x64
		Release|x86 = Release|x86
	EndGlobalSection
	GlobalSection(ProjectConfigurationPlatforms) = postSolution
		{EAC0649F-0BB9-491F-BF10-047DBB4E6A3E}.Debug|x64.ActiveCfg = Debug|x64
		{EAC0649F-0BB9-491F-BF10-047DBB4E6A3E}.Debug|x64.Build.0 = Debug|x64
		{EAC0649F-0BB9-491F-BF10-047DBB4E6A3E}.Debug|x86.ActiveCfg = Debug|Win32
		{EAC0649F-0BB9-491F-BF10-047DBB4E6A3E}.Debug|x86.Build.0 = Debug|Win32
		{EAC0649F-0BB9-491F-BF10-047DBB4E6A3E}.Release|x64.ActiveCfg = Release|x64
		{EAC0649F-0BB9-491F-BF10-047DBB4E6A3E}.Release|x64.Build.0 = Release|x64
		{EAC0649F-0BB9-491F-BF10-047DBB4E6A3E}.Release|x86.ActiveCfg = Release|Win32
		{EAC0649F-0BB9-491F-BF10-047DBB4E6A3E}.Release|x86.Build.0 = Release|Win32
		{860B5A30-4A06-4DC0-8C37-F8373DA5AA17}.Debug|x64.ActiveCfg = Debug|x64
		{860B5A30-4A06-4DC0-8C37-F8373DA5AA17}.Debug|x64.Build.0 = Debug|x64
		{860B5A30-4A06-4DC0-8C37-F8373DA5AA17}.Debug|x86.ActiveCfg = Debug|Win32
		{860B5A30-4A06-4DC0-8C37-F8373DA5AA17}.Debug|x86.Build.0 = Debug|Win32
		{860B5A30-4A06-4DC0-8C37-F8373DA5AA17}.Release|x64.ActiveCfg = Release|x64
		{860B5A30-4A06-4DC0-8C37-F8373DA5AA17}.Release|x64.Build.0 = Release|x64
		{860B5A30-4A06-4DC0-8C37-F8373DA5AA17}.Release|x86.ActiveCfg = Release|Win32
		{860B5A30-4A06-4DC0-8C37-F8373DA5AA17}.Release|x86.Build.0 = Release|Win32
	EndGlobalSection
	GlobalSection(SolutionProperties) = preSolution
		HideSolutionNode = FALSE
	EndGlobalSection
EndGlobal
